{
  "name": "@edenjs/shop-paypal",
  "version": "1.0.14",
  "lockfileVersion": 1,
  "requires": true,
  "dependencies": {
    "buffer-crc32": {
      "version": "0.2.13",
      "resolved": "http://localhost:4873/buffer-crc32/-/buffer-crc32-0.2.13.tgz",
      "integrity": "sha1-DTM+PwDqxQqhRUq9MO+MKl2ackI="
    },
    "jsbn": {
      "version": "1.1.0",
      "resolved": "http://localhost:4873/jsbn/-/jsbn-1.1.0.tgz",
      "integrity": "sha1-sBMHyym2GKHtJux56RH4A8TaAEA="
    },
    "money-math": {
      "version": "2.5.1",
      "resolved": "http://localhost:4873/money-math/-/money-math-2.5.1.tgz",
      "integrity": "sha1-ndWjKbH2oh/Ofj0qOnBcI7VrfPk=",
      "requires": {
        "jsbn": "^1.1.0"
      }
    },
    "paypal-rest-sdk": {
      "version": "1.8.1",
      "resolved": "http://localhost:4873/paypal-rest-sdk/-/paypal-rest-sdk-1.8.1.tgz",
      "integrity": "sha512-Trj2GuPn10GqpICAxQh5wjxuDT7rq7DMOkvyatz05wI5xPGmqXN7UC0WfDSF9WSBs4YdcWZP0g+nY+sOdaFggw==",
      "requires": {
        "buffer-crc32": "^0.2.3",
        "semver": "^5.0.3"
      }
    },
    "semver": {
      "version": "5.6.0",
      "resolved": "http://localhost:4873/semver/-/semver-5.6.0.tgz",
      "integrity": "sha512-RS9R6R35NYgQn++fkDWaOmqGoj4Ek9gGs+DPxNUZKuwE183xjJroKvyo1IzVFeXvUrvmALy6FWD5xrdJT25gMg=="
    },
    "uuid": {
      "version": "3.3.2",
      "resolved": "http://localhost:4873/uuid/-/uuid-3.3.2.tgz",
      "integrity": "sha512-yXJmeNaw3DnnKAOKJE51sL/ZaYfWJRl1pK9dr19YFCu0ObS231AB1/LbqTKRAQ5kw8A90rA6fr4riOUpTZvQZA=="
    }
  }
}
